// !$*UTF8*$!
{
	archiveVersion = 1;
	classes = {
	};
	objectVersion = 56;
	objects = {

/* Begin PBXBuildFile section */
		713CE69AAF58396D1604E81B /* CraftJournalApp.swift in Sources */ = {isa = PBXBuildFile; fileRef = E0FD40BA15F125A0A221F826 /* CraftJournalApp.swift */; };
		5369D01043248E3DC21BE19D /* Persistence.swift in Sources */ = {isa = PBXBuildFile; fileRef = C303C969B5ABFEFB2EB879AD /* Persistence.swift */; };
		CD4AA601EB1E0D9740904308 /* ContentView.swift in Sources */ = {isa = PBXBuildFile; fileRef = C287E1BE6A1C6ED290A84930 /* ContentView.swift */; };
		ED89F29AA4EFF97E237C2973 /* AddEntryView.swift in Sources */ = {isa = PBXBuildFile; fileRef = A9122790043DE9082C3925DC /* AddEntryView.swift */; };
		0E112D7B647E4E0E9A68AEA9 /* EntryDetailView.swift in Sources */ = {isa = PBXBuildFile; fileRef = 14F252E367BD8D60E07BCFFB /* EntryDetailView.swift */; };
		0709EFF5C0E29CB7D7874129 /* CameraView.swift in Sources */ = {isa = PBXBuildFile; fileRef = 48EDE1CA39D117AEE13BBACC /* CameraView.swift */; };
		247E089681CCBD34CCE0566B /* Crafts.swift in Sources */ = {isa = PBXBuildFile; fileRef = BCE9275C249E74305C9F5D64 /* Crafts.swift */; };
		1008E7215103CA7FCB22F522 /* Theme.swift in Sources */ = {isa = PBXBuildFile; fileRef = 1A11E8374F732354A751D57B /* Theme.swift */; };
		3FE86975F03823A8487D2DB9 /* CraftJournal.xcdatamodeld in Sources */ = {isa = PBXBuildFile; fileRef = 8E8D2F45960E659F04CE861B /* CraftJournal.xcdatamodeld */; };
		6EEEE39B1AB4355FA617C29C /* Assets.xcassets in Resources */ = {isa = PBXBuildFile; fileRef = 32BB636196F91ED59D7A4919 /* Assets.xcassets */; };
/* End PBXBuildFile section */

/* Begin PBXFileReference section */
		E0FD40BA15F125A0A221F826 /* CraftJournalApp.swift */ = {isa = PBXFileReference; lastKnownFileType = sourcecode.swift; path = CraftJournalApp.swift; sourceTree = "<group>"; };
		C303C969B5ABFEFB2EB879AD /* Persistence.swift */ = {isa = PBXFileReference; lastKnownFileType = sourcecode.swift; path = Persistence.swift; sourceTree = "<group>"; };
		C287E1BE6A1C6ED290A84930 /* ContentView.swift */ = {isa = PBXFileReference; lastKnownFileType = sourcecode.swift; path = ContentView.swift; sourceTree = "<group>"; };
		A9122790043DE9082C3925DC /* AddEntryView.swift */ = {isa = PBXFileReference; lastKnownFileType = sourcecode.swift; path = AddEntryView.swift; sourceTree = "<group>"; };
		14F252E367BD8D60E07BCFFB /* EntryDetailView.swift */ = {isa = PBXFileReference; lastKnownFileType = sourcecode.swift; path = EntryDetailView.swift; sourceTree = "<group>"; };
		48EDE1CA39D117AEE13BBACC /* CameraView.swift */ = {isa = PBXFileReference; lastKnownFileType = sourcecode.swift; path = CameraView.swift; sourceTree = "<group>"; };
		BCE9275C249E74305C9F5D64 /* Crafts.swift */ = {isa = PBXFileReference; lastKnownFileType = sourcecode.swift; path = Crafts.swift; sourceTree = "<group>"; };
		1A11E8374F732354A751D57B /* Theme.swift */ = {isa = PBXFileReference; lastKnownFileType = sourcecode.swift; path = Theme.swift; sourceTree = "<group>"; };
		32BB636196F91ED59D7A4919 /* Assets.xcassets */ = {isa = PBXFileReference; lastKnownFileType = folder.assetcatalog; path = Assets.xcassets; sourceTree = "<group>"; };
		8FCF00AECB67D85E01217B01 /* CraftJournal.xcdatamodel */ = {isa = PBXFileReference; lastKnownFileType = wrapper.xcdatamodel; path = CraftJournal.xcdatamodel; sourceTree = "<group>"; };
		F5BF48AA40CAD7891EB709FC /* CraftJournal.app */ = {isa = PBXFileReference; explicitFileType = wrapper.application; includeInIndex = 0; path = CraftJournal.app; sourceTree = BUILT_PRODUCTS_DIR; };
/* End PBXFileReference section */

/* Begin PBXFrameworksBuildPhase section */
		DAF6AA633395B1B76148E35B /* Frameworks */ = {
			isa = PBXFrameworksBuildPhase;
			buildActionMask = 2147483647;
			files = (
			);
			runOnlyForDeploymentPostprocessing = 0;
		};
/* End PBXFrameworksBuildPhase section */

/* Begin PBXGroup section */
		2B731CEFC6751AAE0EC69B98 = {
			isa = PBXGroup;
			children = (
				20F4BD606C0F6D1645AE4919 /* CraftJournal */,
				86024CAD1E83101D97359D73 /* Products */,
			);
			sourceTree = "<group>";
		};
		86024CAD1E83101D97359D73 /* Products */ = {
			isa = PBXGroup;
			children = (
				F5BF48AA40CAD7891EB709FC /* CraftJournal.app */,
			);
			name = Products;
			sourceTree = "<group>";
		};
		20F4BD606C0F6D1645AE4919 /* CraftJournal */ = {
			isa = PBXGroup;
			children = (
				E0FD40BA15F125A0A221F826 /* CraftJournalApp.swift */,
				C303C969B5ABFEFB2EB879AD /* Persistence.swift */,
				C287E1BE6A1C6ED290A84930 /* ContentView.swift */,
				A9122790043DE9082C3925DC /* AddEntryView.swift */,
				14F252E367BD8D60E07BCFFB /* EntryDetailView.swift */,
				48EDE1CA39D117AEE13BBACC /* CameraView.swift */,
				BCE9275C249E74305C9F5D64 /* Crafts.swift */,
				1A11E8374F732354A751D57B /* Theme.swift */,
				8E8D2F45960E659F04CE861B /* CraftJournal.xcdatamodeld */,
				32BB636196F91ED59D7A4919 /* Assets.xcassets */,
			);
			path = CraftJournal;
			sourceTree = "<group>";
		};
/* End PBXGroup section */

/* Begin PBXNativeTarget section */
		42AEFBAE01D2DFD981F7DA7D /* CraftJournal */ = {
			isa = PBXNativeTarget;
			buildConfigurationList = DD5B959833E219C36151D647;
			buildPhases = (
				0F78FE532035D122ED352DBA /* Sources */,
				DAF6AA633395B1B76148E35B /* Frameworks */,
				943E4BBD9B51C81965501BA3 /* Resources */,
			);
			buildRules = (
			);
			dependencies = (
			);
			name = CraftJournal;
			productName = CraftJournal;
			productReference = F5BF48AA40CAD7891EB709FC /* CraftJournal.app */;
			productType = "com.apple.product-type.application";
		};
/* End PBXNativeTarget section */

/* Begin PBXProject section */
		46F86FAA6BBF9AC94A7E4595 /* Project object */ = {
			isa = PBXProject;
			attributes = {
				BuildIndependentTargetsInParallel = 1;
				LastSwiftUpdateCheck = 1500;
				LastUpgradeCheck = 1500;
				TargetAttributes = {
					42AEFBAE01D2DFD981F7DA7D = {
						CreatedOnToolsVersion = 15.0;
					};
				};
			};
			buildConfigurationList = 2CA666E9AB7FD185F98B8152;
			compatibilityVersion = "Xcode 14.0";
			developmentRegion = en;
			hasScannedForEncodings = 0;
			knownRegions = (
				en,
				Base,
			);
			mainGroup = 2B731CEFC6751AAE0EC69B98;
			productRefGroup = 86024CAD1E83101D97359D73 /* Products */;
			projectDirPath = "";
			projectRoot = "";
			targets = (
				42AEFBAE01D2DFD981F7DA7D /* CraftJournal */,
			);
		};
/* End PBXProject section */

/* Begin PBXResourcesBuildPhase section */
		943E4BBD9B51C81965501BA3 /* Resources */ = {
			isa = PBXResourcesBuildPhase;
			buildActionMask = 2147483647;
			files = (
				6EEEE39B1AB4355FA617C29C /* Assets.xcassets in Resources */,
			);
			runOnlyForDeploymentPostprocessing = 0;
		};
/* End PBXResourcesBuildPhase section */

/* Begin PBXSourcesBuildPhase section */
		0F78FE532035D122ED352DBA /* Sources */ = {
			isa = PBXSourcesBuildPhase;
			buildActionMask = 2147483647;
			files = (
				713CE69AAF58396D1604E81B /* CraftJournalApp.swift in Sources */,
				5369D01043248E3DC21BE19D /* Persistence.swift in Sources */,
				CD4AA601EB1E0D9740904308 /* ContentView.swift in Sources */,
				ED89F29AA4EFF97E237C2973 /* AddEntryView.swift in Sources */,
				0E112D7B647E4E0E9A68AEA9 /* EntryDetailView.swift in Sources */,
				0709EFF5C0E29CB7D7874129 /* CameraView.swift in Sources */,
				247E089681CCBD34CCE0566B /* Crafts.swift in Sources */,
				1008E7215103CA7FCB22F522 /* Theme.swift in Sources */,
				3FE86975F03823A8487D2DB9 /* CraftJournal.xcdatamodeld in Sources */,
			);
			runOnlyForDeploymentPostprocessing = 0;
		};
/* End PBXSourcesBuildPhase section */

/* Begin XCBuildConfiguration section */
		638A1DC68E43C0A57EEF0228 /* Debug */ = {
			isa = XCBuildConfiguration;
			buildSettings = {
				ALWAYS_SEARCH_USER_PATHS = NO;
				CLANG_ENABLE_MODULES = YES;
				CLANG_ENABLE_OBJC_ARC = YES;
				ENABLE_STRICT_OBJC_MSGSEND = YES;
				GCC_NO_COMMON_BLOCKS = YES;
				IPHONEOS_DEPLOYMENT_TARGET = 17.0;
				SDKROOT = iphoneos;
				SWIFT_VERSION = 5.0;
				COPY_PHASE_STRIP = NO;
				DEBUG_INFORMATION_FORMAT = dwarf;
				ENABLE_TESTABILITY = YES;
				GCC_OPTIMIZATION_LEVEL = 0;
				ONLY_ACTIVE_ARCH = YES;
				SWIFT_ACTIVE_COMPILATION_CONDITIONS = "DEBUG $(inherited)";
				SWIFT_OPTIMIZATION_LEVEL = "-Onone";
			};
			name = Debug;
		};
		2B645610CD3D8D67581A2E9D /* Release */ = {
			isa = XCBuildConfiguration;
			buildSettings = {
				ALWAYS_SEARCH_USER_PATHS = NO;
				CLANG_ENABLE_MODULES = YES;
				CLANG_ENABLE_OBJC_ARC = YES;
				ENABLE_STRICT_OBJC_MSGSEND = YES;
				GCC_NO_COMMON_BLOCKS = YES;
				IPHONEOS_DEPLOYMENT_TARGET = 17.0;
				SDKROOT = iphoneos;
				SWIFT_VERSION = 5.0;
				COPY_PHASE_STRIP = NO;
				DEBUG_INFORMATION_FORMAT = "dwarf-with-dsym";
				ENABLE_NS_ASSERTIONS = NO;
				SWIFT_COMPILATION_MODE = wholemodule;
				VALIDATE_PRODUCT = YES;
			};
			name = Release;
		};
		ADF8D10C1FBA999C12F23879 /* Debug */ = {
			isa = XCBuildConfiguration;
			buildSettings = {
				ASSETCATALOG_COMPILER_APPICON_NAME = AppIcon;
				ASSETCATALOG_COMPILER_GLOBAL_ACCENT_COLOR_NAME = AccentColor;
				CODE_SIGN_STYLE = Automatic;
				CURRENT_PROJECT_VERSION = 1;
				ENABLE_PREVIEWS = YES;
				GENERATE_INFOPLIST_FILE = YES;
				INFOPLIST_KEY_NSCameraUsageDescription = "This app uses the camera to photograph craft items.";
				INFOPLIST_KEY_UIApplicationSceneManifest_Generation = YES;
				INFOPLIST_KEY_UIApplicationSupportsIndirectInputEvents = YES;
				INFOPLIST_KEY_UILaunchScreen_Generation = YES;
				INFOPLIST_KEY_UISupportedInterfaceOrientations_iPhone = "UIInterfaceOrientationPortrait UIInterfaceOrientationLandscapeLeft UIInterfaceOrientationLandscapeRight";
				LD_RUNPATH_SEARCH_PATHS = (
					"$(inherited)",
					"@executable_path/Frameworks",
				);
				MARKETING_VERSION = 1.0;
				PRODUCT_BUNDLE_IDENTIFIER = bt.edu.cst.CraftJournal;
				PRODUCT_NAME = "$(TARGET_NAME)";
				SWIFT_EMIT_LOC_STRINGS = YES;
				TARGETED_DEVICE_FAMILY = 1;
			};
			name = Debug;
		};
		6791BF1F1E8A3A0981023556 /* Release */ = {
			isa = XCBuildConfiguration;
			buildSettings = {
				ASSETCATALOG_COMPILER_APPICON_NAME = AppIcon;
				ASSETCATALOG_COMPILER_GLOBAL_ACCENT_COLOR_NAME = AccentColor;
				CODE_SIGN_STYLE = Automatic;
				CURRENT_PROJECT_VERSION = 1;
				ENABLE_PREVIEWS = YES;
				GENERATE_INFOPLIST_FILE = YES;
				INFOPLIST_KEY_NSCameraUsageDescription = "This app uses the camera to photograph craft items.";
				INFOPLIST_KEY_UIApplicationSceneManifest_Generation = YES;
				INFOPLIST_KEY_UIApplicationSupportsIndirectInputEvents = YES;
				INFOPLIST_KEY_UILaunchScreen_Generation = YES;
				INFOPLIST_KEY_UISupportedInterfaceOrientations_iPhone = "UIInterfaceOrientationPortrait UIInterfaceOrientationLandscapeLeft UIInterfaceOrientationLandscapeRight";
				LD_RUNPATH_SEARCH_PATHS = (
					"$(inherited)",
					"@executable_path/Frameworks",
				);
				MARKETING_VERSION = 1.0;
				PRODUCT_BUNDLE_IDENTIFIER = bt.edu.cst.CraftJournal;
				PRODUCT_NAME = "$(TARGET_NAME)";
				SWIFT_EMIT_LOC_STRINGS = YES;
				TARGETED_DEVICE_FAMILY = 1;
			};
			name = Release;
		};
/* End XCBuildConfiguration section */

/* Begin XCConfigurationList section */
		2CA666E9AB7FD185F98B8152 /* Build configuration list for PBXProject "CraftJournal" */ = {
			isa = XCConfigurationList;
			buildConfigurations = (
				638A1DC68E43C0A57EEF0228 /* Debug */,
				2B645610CD3D8D67581A2E9D /* Release */,
			);
			defaultConfigurationIsVisible = 0;
			defaultConfigurationName = Release;
		};
		DD5B959833E219C36151D647 /* Build configuration list for PBXNativeTarget "CraftJournal" */ = {
			isa = XCConfigurationList;
			buildConfigurations = (
				ADF8D10C1FBA999C12F23879 /* Debug */,
				6791BF1F1E8A3A0981023556 /* Release */,
			);
			defaultConfigurationIsVisible = 0;
			defaultConfigurationName = Release;
		};
/* End XCConfigurationList section */

/* Begin XCVersionGroup section */
		8E8D2F45960E659F04CE861B /* CraftJournal.xcdatamodeld */ = {
			isa = XCVersionGroup;
			children = (
				8FCF00AECB67D85E01217B01 /* CraftJournal.xcdatamodel */,
			);
			currentVersion = 8FCF00AECB67D85E01217B01 /* CraftJournal.xcdatamodel */;
			path = CraftJournal.xcdatamodeld;
			sourceTree = "<group>";
			versionGroupType = wrapper.xcdatamodel;
		};
/* End XCVersionGroup section */

	};
	rootObject = 46F86FAA6BBF9AC94A7E4595 /* Project object */;
}
